
Microsoft Visual Studio Solution File, Format Version 12.00
# Visual Studio Version 17
Project("{8BC9CEB8-8B4A-11D0-8D11-00A0C91BC942}") = "ALL_BUILD", "ALL_BUILD.vcxproj", "{2AF142B0-3A53-313E-81AC-51AB7785FC78}"
	ProjectSection(ProjectDependencies) = postProject
		{64362941-B851-30D1-BB57-11C4BF69A87A} = {64362941-B851-30D1-BB57-11C4BF69A87A}
		{9F525910-628E-3A84-B195-FF31780574A6} = {9F525910-628E-3A84-B195-FF31780574A6}
	EndProjectSection
EndProject
Project("{8BC9CEB8-8B4A-11D0-8D11-00A0C91BC942}") = "ZERO_CHECK", "ZERO_CHECK.vcxproj", "{64362941-B851-30D1-BB57-11C4BF69A87A}"
	ProjectSection(ProjectDependencies) = postProject
	EndProjectSection
EndProject
Project("{8BC9CEB8-8B4A-11D0-8D11-00A0C91BC942}") = "chat", "chat.vcxproj", "{9F525910-628E-3A84-B195-FF31780574A6}"
	ProjectSection(ProjectDependencies) = postProject
		{64362941-B851-30D1-BB57-11C4BF69A87A} = {64362941-B851-30D1-BB57-11C4BF69A87A}
	EndProjectSection
EndProject
Global
	GlobalSection(SolutionConfigurationPlatforms) = preSolution
		Debug|x64 = Debug|x64
		Release|x64 = Release|x64
		MinSizeRel|x64 = MinSizeRel|x64
		RelWithDebInfo|x64 = RelWithDebInfo|x64
	EndGlobalSection
	GlobalSection(ProjectConfigurationPlatforms) = postSolution
		{2AF142B0-3A53-313E-81AC-51AB7785FC78}.Debug|x64.ActiveCfg = Debug|x64
		{2AF142B0-3A53-313E-81AC-51AB7785FC78}.Release|x64.ActiveCfg = Release|x64
		{2AF142B0-3A53-313E-81AC-51AB7785FC78}.MinSizeRel|x64.ActiveCfg = MinSizeRel|x64
		{2AF142B0-3A53-313E-81AC-51AB7785FC78}.RelWithDebInfo|x64.ActiveCfg = RelWithDebInfo|x64
		{64362941-B851-30D1-BB57-11C4BF69A87A}.Debug|x64.ActiveCfg = Debug|x64
		{64362941-B851-30D1-BB57-11C4BF69A87A}.Debug|x64.Build.0 = Debug|x64
		{64362941-B851-30D1-BB57-11C4BF69A87A}.Release|x64.ActiveCfg = Release|x64
		{64362941-B851-30D1-BB57-11C4BF69A87A}.Release|x64.Build.0 = Release|x64
		{64362941-B851-30D1-BB57-11C4BF69A87A}.MinSizeRel|x64.ActiveCfg = MinSizeRel|x64
		{64362941-B851-30D1-BB57-11C4BF69A87A}.MinSizeRel|x64.Build.0 = MinSizeRel|x64
		{64362941-B851-30D1-BB57-11C4BF69A87A}.RelWithDebInfo|x64.ActiveCfg = RelWithDebInfo|x64
		{64362941-B851-30D1-BB57-11C4BF69A87A}.RelWithDebInfo|x64.Build.0 = RelWithDebInfo|x64
		{9F525910-628E-3A84-B195-FF31780574A6}.Debug|x64.ActiveCfg = Debug|x64
		{9F525910-628E-3A84-B195-FF31780574A6}.Debug|x64.Build.0 = Debug|x64
		{9F525910-628E-3A84-B195-FF31780574A6}.Release|x64.ActiveCfg = Release|x64
		{9F525910-628E-3A84-B195-FF31780574A6}.Release|x64.Build.0 = Release|x64
		{9F525910-628E-3A84-B195-FF31780574A6}.MinSizeRel|x64.ActiveCfg = MinSizeRel|x64
		{9F525910-628E-3A84-B195-FF31780574A6}.MinSizeRel|x64.Build.0 = MinSizeRel|x64
		{9F525910-628E-3A84-B195-FF31780574A6}.RelWithDebInfo|x64.ActiveCfg = RelWithDebInfo|x64
		{9F525910-628E-3A84-B195-FF31780574A6}.RelWithDebInfo|x64.Build.0 = RelWithDebInfo|x64
	EndGlobalSection
	GlobalSection(ExtensibilityGlobals) = postSolution
		SolutionGuid = {91F2DAFB-9298-3FE9-B164-7EDD2FB83C95}
	EndGlobalSection
	GlobalSection(ExtensibilityAddIns) = postSolution
	EndGlobalSection
EndGlobal
